
Microsoft Visual Studio Solution File, Format Version 12.00
# Visual Studio 15
VisualStudioVersion = 15.0.28010.2026
MinimumVisualStudioVersion = 10.0.40219.1
Project("{FAE04EC0-301F-11D3-BF4B-00C04F79EFBC}") = "Quick_Meds_Xamarin.Android", "Quick_Meds_Xamarin\Quick_Meds_Xamarin.Android\Quick_Meds_Xamarin.Android.csproj", "{9EFC30B7-85D2-474C-AE55-1669F5724469}"
EndProject
Project("{FAE04EC0-301F-11D3-BF4B-00C04F79EFBC}") = "Quick_Meds_Xamarin.iOS", "Quick_Meds_Xamarin\Quick_Meds_Xamarin.iOS\Quick_Meds_Xamarin.iOS.csproj", "{E8C958CE-B273-4D0A-877B-DEA35A3D4942}"
EndProject
Project("{FAE04EC0-301F-11D3-BF4B-00C04F79EFBC}") = "Quick_Meds_Xamarin.UWP", "Quick_Meds_Xamarin\Quick_Meds_Xamarin.UWP\Quick_Meds_Xamarin.UWP.csproj", "{A21FD04C-2B18-45C9-8E9A-83331FB7BA8D}"
EndProject
Project("{FAE04EC0-301F-11D3-BF4B-00C04F79EFBC}") = "Quick_Meds_Xamarin", "Quick_Meds_Xamarin\Quick_Meds_Xamarin\Quick_Meds_Xamarin.csproj", "{7D305E21-AB40-46E5-A375-AF9BE010CF93}"
EndProject
Global
	GlobalSection(SolutionConfigurationPlatforms) = preSolution
		Ad-Hoc|Any CPU = Ad-Hoc|Any CPU
		Ad-Hoc|ARM = Ad-Hoc|ARM
		Ad-Hoc|iPhone = Ad-Hoc|iPhone
		Ad-Hoc|iPhoneSimulator = Ad-Hoc|iPhoneSimulator
		Ad-Hoc|x64 = Ad-Hoc|x64
		Ad-Hoc|x86 = Ad-Hoc|x86
		AppStore|Any CPU = AppStore|Any CPU
		AppStore|ARM = AppStore|ARM
		AppStore|iPhone = AppStore|iPhone
		AppStore|iPhoneSimulator = AppStore|iPhoneSimulator
		AppStore|x64 = AppStore|x64
		AppStore|x86 = AppStore|x86
		Debug|Any CPU = Debug|Any CPU
		Debug|ARM = Debug|ARM
		Debug|iPhone = Debug|iPhone
		Debug|iPhoneSimulator = Debug|iPhoneSimulator
		Debug|x64 = Debug|x64
		Debug|x86 = Debug|x86
		Release|Any CPU = Release|Any CPU
		Release|ARM = Release|ARM
		Release|iPhone = Release|iPhone
		Release|iPhoneSimulator = Release|iPhoneSimulator
		Release|x64 = Release|x64
		Release|x86 = Release|x86
	EndGlobalSection
	GlobalSection(ProjectConfigurationPlatforms) = postSolution
		{9EFC30B7-85D2-474C-AE55-1669F5724469}.Ad-Hoc|Any CPU.ActiveCfg = Release|Any CPU
		{9EFC30B7-85D2-474C-AE55-1669F5724469}.Ad-Hoc|Any CPU.Build.0 = Release|Any CPU
		{9EFC30B7-85D2-474C-AE55-1669F5724469}.Ad-Hoc|Any CPU.Deploy.0 = Release|Any CPU
		{9EFC30B7-85D2-474C-AE55-1669F5724469}.Ad-Hoc|ARM.ActiveCfg = Release|Any CPU
		{9EFC30B7-85D2-474C-AE55-1669F5724469}.Ad-Hoc|ARM.Build.0 = Release|Any CPU
		{9EFC30B7-85D2-474C-AE55-1669F5724469}.Ad-Hoc|ARM.Deploy.0 = Release|Any CPU
		{9EFC30B7-85D2-474C-AE55-1669F5724469}.Ad-Hoc|iPhone.ActiveCfg = Release|Any CPU
		{9EFC30B7-85D2-474C-AE55-1669F5724469}.Ad-Hoc|iPhone.Build.0 = Release|Any CPU
		{9EFC30B7-85D2-474C-AE55-1669F5724469}.Ad-Hoc|iPhone.Deploy.0 = Release|Any CPU
		{9EFC30B7-85D2-474C-AE55-1669F5724469}.Ad-Hoc|iPhoneSimulator.ActiveCfg = Release|Any CPU
		{9EFC30B7-85D2-474C-AE55-1669F5724469}.Ad-Hoc|iPhoneSimulator.Build.0 = Release|Any CPU
		{9EFC30B7-85D2-474C-AE55-1669F5724469}.Ad-Hoc|iPhoneSimulator.Deploy.0 = Release|Any CPU
		{9EFC30B7-85D2-474C-AE55-1669F5724469}.Ad-Hoc|x64.ActiveCfg = Release|Any CPU
		{9EFC30B7-85D2-474C-AE55-1669F5724469}.Ad-Hoc|x64.Build.0 = Release|Any CPU
		{9EFC30B7-85D2-474C-AE55-1669F5724469}.Ad-Hoc|x64.Deploy.0 = Release|Any CPU
		{9EFC30B7-85D2-474C-AE55-1669F5724469}.Ad-Hoc|x86.ActiveCfg = Release|Any CPU
		{9EFC30B7-85D2-474C-AE55-1669F5724469}.Ad-Hoc|x86.Build.0 = Release|Any CPU
		{9EFC30B7-85D2-474C-AE55-1669F5724469}.Ad-Hoc|x86.Deploy.0 = Release|Any CPU
		{9EFC30B7-85D2-474C-AE55-1669F5724469}.AppStore|Any CPU.ActiveCfg = Release|Any CPU
		{9EFC30B7-85D2-474C-AE55-1669F5724469}.AppStore|Any CPU.Build.0 = Release|Any CPU
		{9EFC30B7-85D2-474C-AE55-1669F5724469}.AppStore|Any CPU.Deploy.0 = Release|Any CPU
		{9EFC30B7-85D2-474C-AE55-1669F5724469}.AppStore|ARM.ActiveCfg = Release|Any CPU
		{9EFC30B7-85D2-474C-AE55-1669F5724469}.AppStore|ARM.Build.0 = Release|Any CPU
		{9EFC30B7-85D2-474C-AE55-1669F5724469}.AppStore|ARM.Deploy.0 = Release|Any CPU
		{9EFC30B7-85D2-474C-AE55-1669F5724469}.AppStore|iPhone.ActiveCfg = Release|Any CPU
		{9EFC30B7-85D2-474C-AE55-1669F5724469}.AppStore|iPhone.Build.0 = Release|Any CPU
		{9EFC30B7-85D2-474C-AE55-1669F5724469}.AppStore|iPhone.Deploy.0 = Release|Any CPU
		{9EFC30B7-85D2-474C-AE55-1669F5724469}.AppStore|iPhoneSimulator.ActiveCfg = Release|Any CPU
		{9EFC30B7-85D2-474C-AE55-1669F5724469}.AppStore|iPhoneSimulator.Build.0 = Release|Any CPU
		{9EFC30B7-85D2-474C-AE55-1669F5724469}.AppStore|iPhoneSimulator.Deploy.0 = Release|Any CPU
		{9EFC30B7-85D2-474C-AE55-1669F5724469}.AppStore|x64.ActiveCfg = Release|Any CPU
		{9EFC30B7-85D2-474C-AE55-1669F5724469}.AppStore|x64.Build.0 = Release|Any CPU
		{9EFC30B7-85D2-474C-AE55-1669F5724469}.AppStore|x64.Deploy.0 = Release|Any CPU
		{9EFC30B7-85D2-474C-AE55-1669F5724469}.AppStore|x86.ActiveCfg = Release|Any CPU
		{9EFC30B7-85D2-474C-AE55-1669F5724469}.AppStore|x86.Build.0 = Release|Any CPU
		{9EFC30B7-85D2-474C-AE55-1669F5724469}.AppStore|x86.Deploy.0 = Release|Any CPU
		{9EFC30B7-85D2-474C-AE55-1669F5724469}.Debug|Any CPU.ActiveCfg = Debug|Any CPU
		{9EFC30B7-85D2-474C-AE55-1669F5724469}.Debug|Any CPU.Build.0 = Debug|Any CPU
		{9EFC30B7-85D2-474C-AE55-1669F5724469}.Debug|Any CPU.Deploy.0 = Debug|Any CPU
		{9EFC30B7-85D2-474C-AE55-1669F5724469}.Debug|ARM.ActiveCfg = Debug|Any CPU
		{9EFC30B7-85D2-474C-AE55-1669F5724469}.Debug|ARM.Build.0 = Debug|Any CPU
		{9EFC30B7-85D2-474C-AE55-1669F5724469}.Debug|ARM.Deploy.0 = Debug|Any CPU
		{9EFC30B7-85D2-474C-AE55-1669F5724469}.Debug|iPhone.ActiveCfg = Debug|Any CPU
		{9EFC30B7-85D2-474C-AE55-1669F5724469}.Debug|iPhone.Build.0 = Debug|Any CPU
		{9EFC30B7-85D2-474C-AE55-1669F5724469}.Debug|iPhone.Deploy.0 = Debug|Any CPU
		{9EFC30B7-85D2-474C-AE55-1669F5724469}.Debug|iPhoneSimulator.ActiveCfg = Debug|Any CPU
		{9EFC30B7-85D2-474C-AE55-1669F5724469}.Debug|iPhoneSimulator.Build.0 = Debug|Any CPU
		{9EFC30B7-85D2-474C-AE55-1669F5724469}.Debug|iPhoneSimulator.Deploy.0 = Debug|Any CPU
		{9EFC30B7-85D2-474C-AE55-1669F5724469}.Debug|x64.ActiveCfg = Debug|Any CPU
		{9EFC30B7-85D2-474C-AE55-1669F5724469}.Debug|x64.Build.0 = Debug|Any CPU
		{9EFC30B7-85D2-474C-AE55-1669F5724469}.Debug|x64.Deploy.0 = Debug|Any CPU
		{9EFC30B7-85D2-474C-AE55-1669F5724469}.Debug|x86.ActiveCfg = Debug|Any CPU
		{9EFC30B7-85D2-474C-AE55-1669F5724469}.Debug|x86.Build.0 = Debug|Any CPU
		{9EFC30B7-85D2-474C-AE55-1669F5724469}.Debug|x86.Deploy.0 = Debug|Any CPU
		{9EFC30B7-85D2-474C-AE55-1669F5724469}.Release|Any CPU.ActiveCfg = Release|Any CPU
		{9EFC30B7-85D2-474C-AE55-1669F5724469}.Release|Any CPU.Build.0 = Release|Any CPU
		{9EFC30B7-85D2-474C-AE55-1669F5724469}.Release|Any CPU.Deploy.0 = Release|Any CPU
		{9EFC30B7-85D2-474C-AE55-1669F5724469}.Release|ARM.ActiveCfg = Release|Any CPU
		{9EFC30B7-85D2-474C-AE55-1669F5724469}.Release|ARM.Build.0 = Release|Any CPU
		{9EFC30B7-85D2-474C-AE55-1669F5724469}.Release|ARM.Deploy.0 = Release|Any CPU
		{9EFC30B7-85D2-474C-AE55-1669F5724469}.Release|iPhone.ActiveCfg = Release|Any CPU
		{9EFC30B7-85D2-474C-AE55-1669F5724469}.Release|iPhone.Build.0 = Release|Any CPU
		{9EFC30B7-85D2-474C-AE55-1669F5724469}.Release|iPhone.Deploy.0 = Release|Any CPU
		{9EFC30B7-85D2-474C-AE55-1669F5724469}.Release|iPhoneSimulator.ActiveCfg = Release|Any CPU
		{9EFC30B7-85D2-474C-AE55-1669F5724469}.Release|iPhoneSimulator.Build.0 = Release|Any CPU
		{9EFC30B7-85D2-474C-AE55-1669F5724469}.Release|iPhoneSimulator.Deploy.0 = Release|Any CPU
		{9EFC30B7-85D2-474C-AE55-1669F5724469}.Release|x64.ActiveCfg = Release|Any CPU
		{9EFC30B7-85D2-474C-AE55-1669F5724469}.Release|x64.Build.0 = Release|Any CPU
		{9EFC30B7-85D2-474C-AE55-1669F5724469}.Release|x64.Deploy.0 = Release|Any CPU
		{9EFC30B7-85D2-474C-AE55-1669F5724469}.Release|x86.ActiveCfg = Release|Any CPU
		{9EFC30B7-85D2-474C-AE55-1669F5724469}.Release|x86.Build.0 = Release|Any CPU
		{9EFC30B7-85D2-474C-AE55-1669F5724469}.Release|x86.Deploy.0 = Release|Any CPU
		{E8C958CE-B273-4D0A-877B-DEA35A3D4942}.Ad-Hoc|Any CPU.ActiveCfg = Ad-Hoc|iPhone
		{E8C958CE-B273-4D0A-877B-DEA35A3D4942}.Ad-Hoc|Any CPU.Build.0 = Ad-Hoc|iPhone
		{E8C958CE-B273-4D0A-877B-DEA35A3D4942}.Ad-Hoc|Any CPU.Deploy.0 = Ad-Hoc|iPhone
		{E8C958CE-B273-4D0A-877B-DEA35A3D4942}.Ad-Hoc|ARM.ActiveCfg = Ad-Hoc|iPhone
		{E8C958CE-B273-4D0A-877B-DEA35A3D4942}.Ad-Hoc|ARM.Build.0 = Ad-Hoc|iPhone
		{E8C958CE-B273-4D0A-877B-DEA35A3D4942}.Ad-Hoc|ARM.Deploy.0 = Ad-Hoc|iPhone
		{E8C958CE-B273-4D0A-877B-DEA35A3D4942}.Ad-Hoc|iPhone.ActiveCfg = Ad-Hoc|iPhone
		{E8C958CE-B273-4D0A-877B-DEA35A3D4942}.Ad-Hoc|iPhone.Build.0 = Ad-Hoc|iPhone
		{E8C958CE-B273-4D0A-877B-DEA35A3D4942}.Ad-Hoc|iPhone.Deploy.0 = Ad-Hoc|iPhone
		{E8C958CE-B273-4D0A-877B-DEA35A3D4942}.Ad-Hoc|iPhoneSimulator.ActiveCfg = Ad-Hoc|iPhoneSimulator
		{E8C958CE-B273-4D0A-877B-DEA35A3D4942}.Ad-Hoc|iPhoneSimulator.Build.0 = Ad-Hoc|iPhoneSimulator
		{E8C958CE-B273-4D0A-877B-DEA35A3D4942}.Ad-Hoc|iPhoneSimulator.Deploy.0 = Ad-Hoc|iPhoneSimulator
		{E8C958CE-B273-4D0A-877B-DEA35A3D4942}.Ad-Hoc|x64.ActiveCfg = Ad-Hoc|iPhone
		{E8C958CE-B273-4D0A-877B-DEA35A3D4942}.Ad-Hoc|x64.Build.0 = Ad-Hoc|iPhone
		{E8C958CE-B273-4D0A-877B-DEA35A3D4942}.Ad-Hoc|x64.Deploy.0 = Ad-Hoc|iPhone
		{E8C958CE-B273-4D0A-877B-DEA35A3D4942}.Ad-Hoc|x86.ActiveCfg = Ad-Hoc|iPhone
		{E8C958CE-B273-4D0A-877B-DEA35A3D4942}.Ad-Hoc|x86.Build.0 = Ad-Hoc|iPhone
		{E8C958CE-B273-4D0A-877B-DEA35A3D4942}.Ad-Hoc|x86.Deploy.0 = Ad-Hoc|iPhone
		{E8C958CE-B273-4D0A-877B-DEA35A3D4942}.AppStore|Any CPU.ActiveCfg = AppStore|iPhone
		{E8C958CE-B273-4D0A-877B-DEA35A3D4942}.AppStore|Any CPU.Build.0 = AppStore|iPhone
		{E8C958CE-B273-4D0A-877B-DEA35A3D4942}.AppStore|Any CPU.Deploy.0 = AppStore|iPhone
		{E8C958CE-B273-4D0A-877B-DEA35A3D4942}.AppStore|ARM.ActiveCfg = AppStore|iPhone
		{E8C958CE-B273-4D0A-877B-DEA35A3D4942}.AppStore|ARM.Build.0 = AppStore|iPhone
		{E8C958CE-B273-4D0A-877B-DEA35A3D4942}.AppStore|ARM.Deploy.0 = AppStore|iPhone
		{E8C958CE-B273-4D0A-877B-DEA35A3D4942}.AppStore|iPhone.ActiveCfg = AppStore|iPhone
		{E8C958CE-B273-4D0A-877B-DEA35A3D4942}.AppStore|iPhone.Build.0 = AppStore|iPhone
		{E8C958CE-B273-4D0A-877B-DEA35A3D4942}.AppStore|iPhone.Deploy.0 = AppStore|iPhone
		{E8C958CE-B273-4D0A-877B-DEA35A3D4942}.AppStore|iPhoneSimulator.ActiveCfg = AppStore|iPhoneSimulator
		{E8C958CE-B273-4D0A-877B-DEA35A3D4942}.AppStore|iPhoneSimulator.Build.0 = AppStore|iPhoneSimulator
		{E8C958CE-B273-4D0A-877B-DEA35A3D4942}.AppStore|iPhoneSimulator.Deploy.0 = AppStore|iPhoneSimulator
		{E8C958CE-B273-4D0A-877B-DEA35A3D4942}.AppStore|x64.ActiveCfg = AppStore|iPhone
		{E8C958CE-B273-4D0A-877B-DEA35A3D4942}.AppStore|x64.Build.0 = AppStore|iPhone
		{E8C958CE-B273-4D0A-877B-DEA35A3D4942}.AppStore|x64.Deploy.0 = AppStore|iPhone
		{E8C958CE-B273-4D0A-877B-DEA35A3D4942}.AppStore|x86.ActiveCfg = AppStore|iPhone
		{E8C958CE-B273-4D0A-877B-DEA35A3D4942}.AppStore|x86.Build.0 = AppStore|iPhone
		{E8C958CE-B273-4D0A-877B-DEA35A3D4942}.AppStore|x86.Deploy.0 = AppStore|iPhone
		{E8C958CE-B273-4D0A-877B-DEA35A3D4942}.Debug|Any CPU.ActiveCfg = Debug|iPhone
		{E8C958CE-B273-4D0A-877B-DEA35A3D4942}.Debug|Any CPU.Build.0 = Debug|iPhone
		{E8C958CE-B273-4D0A-877B-DEA35A3D4942}.Debug|Any CPU.Deploy.0 = Debug|iPhone
		{E8C958CE-B273-4D0A-877B-DEA35A3D4942}.Debug|ARM.ActiveCfg = Debug|iPhone
		{E8C958CE-B273-4D0A-877B-DEA35A3D4942}.Debug|ARM.Build.0 = Debug|iPhone
		{E8C958CE-B273-4D0A-877B-DEA35A3D4942}.Debug|ARM.Deploy.0 = Debug|iPhone
		{E8C958CE-B273-4D0A-877B-DEA35A3D4942}.Debug|iPhone.ActiveCfg = Debug|iPhone
		{E8C958CE-B273-4D0A-877B-DEA35A3D4942}.Debug|iPhone.Build.0 = Debug|iPhone
		{E8C958CE-B273-4D0A-877B-DEA35A3D4942}.Debug|iPhone.Deploy.0 = Debug|iPhone
		{E8C958CE-B273-4D0A-877B-DEA35A3D4942}.Debug|iPhoneSimulator.ActiveCfg = Debug|iPhoneSimulator
		{E8C958CE-B273-4D0A-877B-DEA35A3D4942}.Debug|iPhoneSimulator.Build.0 = Debug|iPhoneSimulator
		{E8C958CE-B273-4D0A-877B-DEA35A3D4942}.Debug|iPhoneSimulator.Deploy.0 = Debug|iPhoneSimulator
		{E8C958CE-B273-4D0A-877B-DEA35A3D4942}.Debug|x64.ActiveCfg = Debug|iPhone
		{E8C958CE-B273-4D0A-877B-DEA35A3D4942}.Debug|x64.Build.0 = Debug|iPhone
		{E8C958CE-B273-4D0A-877B-DEA35A3D4942}.Debug|x64.Deploy.0 = Debug|iPhone
		{E8C958CE-B273-4D0A-877B-DEA35A3D4942}.Debug|x86.ActiveCfg = Debug|iPhoneSimulator
		{E8C958CE-B273-4D0A-877B-DEA35A3D4942}.Debug|x86.Build.0 = Debug|iPhoneSimulator
		{E8C958CE-B273-4D0A-877B-DEA35A3D4942}.Debug|x86.Deploy.0 = Debug|iPhoneSimulator
		{E8C958CE-B273-4D0A-877B-DEA35A3D4942}.Release|Any CPU.ActiveCfg = Release|iPhone
		{E8C958CE-B273-4D0A-877B-DEA35A3D4942}.Release|Any CPU.Build.0 = Release|iPhone
		{E8C958CE-B273-4D0A-877B-DEA35A3D4942}.Release|Any CPU.Deploy.0 = Release|iPhone
		{E8C958CE-B273-4D0A-877B-DEA35A3D4942}.Release|ARM.ActiveCfg = Release|iPhone
		{E8C958CE-B273-4D0A-877B-DEA35A3D4942}.Release|ARM.Build.0 = Release|iPhone
		{E8C958CE-B273-4D0A-877B-DEA35A3D4942}.Release|ARM.Deploy.0 = Release|iPhone
		{E8C958CE-B273-4D0A-877B-DEA35A3D4942}.Release|iPhone.ActiveCfg = Release|iPhone
		{E8C958CE-B273-4D0A-877B-DEA35A3D4942}.Release|iPhone.Build.0 = Release|iPhone
		{E8C958CE-B273-4D0A-877B-DEA35A3D4942}.Release|iPhone.Deploy.0 = Release|iPhone
		{E8C958CE-B273-4D0A-877B-DEA35A3D4942}.Release|iPhoneSimulator.ActiveCfg = Release|iPhoneSimulator
		{E8C958CE-B273-4D0A-877B-DEA35A3D4942}.Release|iPhoneSimulator.Build.0 = Release|iPhoneSimulator
		{E8C958CE-B273-4D0A-877B-DEA35A3D4942}.Release|iPhoneSimulator.Deploy.0 = Release|iPhoneSimulator
		{E8C958CE-B273-4D0A-877B-DEA35A3D4942}.Release|x64.ActiveCfg = Release|iPhone
		{E8C958CE-B273-4D0A-877B-DEA35A3D4942}.Release|x64.Build.0 = Release|iPhone
		{E8C958CE-B273-4D0A-877B-DEA35A3D4942}.Release|x64.Deploy.0 = Release|iPhone
		{E8C958CE-B273-4D0A-877B-DEA35A3D4942}.Release|x86.ActiveCfg = Release|iPhone
		{E8C958CE-B273-4D0A-877B-DEA35A3D4942}.Release|x86.Build.0 = Release|iPhone
		{E8C958CE-B273-4D0A-877B-DEA35A3D4942}.Release|x86.Deploy.0 = Release|iPhone
		{A21FD04C-2B18-45C9-8E9A-83331FB7BA8D}.Ad-Hoc|Any CPU.ActiveCfg = Release|x86
		{A21FD04C-2B18-45C9-8E9A-83331FB7BA8D}.Ad-Hoc|Any CPU.Build.0 = Release|x86
		{A21FD04C-2B18-45C9-8E9A-83331FB7BA8D}.Ad-Hoc|Any CPU.Deploy.0 = Release|x86
		{A21FD04C-2B18-45C9-8E9A-83331FB7BA8D}.Ad-Hoc|ARM.ActiveCfg = Release|ARM
		{A21FD04C-2B18-45C9-8E9A-83331FB7BA8D}.Ad-Hoc|ARM.Build.0 = Release|ARM
		{A21FD04C-2B18-45C9-8E9A-83331FB7BA8D}.Ad-Hoc|ARM.Deploy.0 = Release|ARM
		{A21FD04C-2B18-45C9-8E9A-83331FB7BA8D}.Ad-Hoc|iPhone.ActiveCfg = Release|x86
		{A21FD04C-2B18-45C9-8E9A-83331FB7BA8D}.Ad-Hoc|iPhone.Build.0 = Release|x86
		{A21FD04C-2B18-45C9-8E9A-83331FB7BA8D}.Ad-Hoc|iPhone.Deploy.0 = Release|x86
		{A21FD04C-2B18-45C9-8E9A-83331FB7BA8D}.Ad-Hoc|iPhoneSimulator.ActiveCfg = Release|x86
		{A21FD04C-2B18-45C9-8E9A-83331FB7BA8D}.Ad-Hoc|iPhoneSimulator.Build.0 = Release|x86
		{A21FD04C-2B18-45C9-8E9A-83331FB7BA8D}.Ad-Hoc|iPhoneSimulator.Deploy.0 = Release|x86
		{A21FD04C-2B18-45C9-8E9A-83331FB7BA8D}.Ad-Hoc|x64.ActiveCfg = Release|x64
		{A21FD04C-2B18-45C9-8E9A-83331FB7BA8D}.Ad-Hoc|x64.Build.0 = Release|x64
		{A21FD04C-2B18-45C9-8E9A-83331FB7BA8D}.Ad-Hoc|x64.Deploy.0 = Release|x64
		{A21FD04C-2B18-45C9-8E9A-83331FB7BA8D}.Ad-Hoc|x86.ActiveCfg = Release|x86
		{A21FD04C-2B18-45C9-8E9A-83331FB7BA8D}.Ad-Hoc|x86.Build.0 = Release|x86
		{A21FD04C-2B18-45C9-8E9A-83331FB7BA8D}.Ad-Hoc|x86.Deploy.0 = Release|x86
		{A21FD04C-2B18-45C9-8E9A-83331FB7BA8D}.AppStore|Any CPU.ActiveCfg = Release|x86
		{A21FD04C-2B18-45C9-8E9A-83331FB7BA8D}.AppStore|Any CPU.Build.0 = Release|x86
		{A21FD04C-2B18-45C9-8E9A-83331FB7BA8D}.AppStore|Any CPU.Deploy.0 = Release|x86
		{A21FD04C-2B18-45C9-8E9A-83331FB7BA8D}.AppStore|ARM.ActiveCfg = Release|ARM
		{A21FD04C-2B18-45C9-8E9A-83331FB7BA8D}.AppStore|ARM.Build.0 = Release|ARM
		{A21FD04C-2B18-45C9-8E9A-83331FB7BA8D}.AppStore|ARM.Deploy.0 = Release|ARM
		{A21FD04C-2B18-45C9-8E9A-83331FB7BA8D}.AppStore|iPhone.ActiveCfg = Release|x86
		{A21FD04C-2B18-45C9-8E9A-83331FB7BA8D}.AppStore|iPhone.Build.0 = Release|x86
		{A21FD04C-2B18-45C9-8E9A-83331FB7BA8D}.AppStore|iPhone.Deploy.0 = Release|x86
		{A21FD04C-2B18-45C9-8E9A-83331FB7BA8D}.AppStore|iPhoneSimulator.ActiveCfg = Release|x86
		{A21FD04C-2B18-45C9-8E9A-83331FB7BA8D}.AppStore|iPhoneSimulator.Build.0 = Release|x86
		{A21FD04C-2B18-45C9-8E9A-83331FB7BA8D}.AppStore|iPhoneSimulator.Deploy.0 = Release|x86
		{A21FD04C-2B18-45C9-8E9A-83331FB7BA8D}.AppStore|x64.ActiveCfg = Release|x64
		{A21FD04C-2B18-45C9-8E9A-83331FB7BA8D}.AppStore|x64.Build.0 = Release|x64
		{A21FD04C-2B18-45C9-8E9A-83331FB7BA8D}.AppStore|x64.Deploy.0 = Release|x64
		{A21FD04C-2B18-45C9-8E9A-83331FB7BA8D}.AppStore|x86.ActiveCfg = Release|x86
		{A21FD04C-2B18-45C9-8E9A-83331FB7BA8D}.AppStore|x86.Build.0 = Release|x86
		{A21FD04C-2B18-45C9-8E9A-83331FB7BA8D}.AppStore|x86.Deploy.0 = Release|x86
		{A21FD04C-2B18-45C9-8E9A-83331FB7BA8D}.Debug|Any CPU.ActiveCfg = Debug|x86
		{A21FD04C-2B18-45C9-8E9A-83331FB7BA8D}.Debug|Any CPU.Build.0 = Debug|x86
		{A21FD04C-2B18-45C9-8E9A-83331FB7BA8D}.Debug|Any CPU.Deploy.0 = Debug|x86
		{A21FD04C-2B18-45C9-8E9A-83331FB7BA8D}.Debug|ARM.ActiveCfg = Debug|ARM
		{A21FD04C-2B18-45C9-8E9A-83331FB7BA8D}.Debug|ARM.Build.0 = Debug|ARM
		{A21FD04C-2B18-45C9-8E9A-83331FB7BA8D}.Debug|ARM.Deploy.0 = Debug|ARM
		{A21FD04C-2B18-45C9-8E9A-83331FB7BA8D}.Debug|iPhone.ActiveCfg = Debug|x86
		{A21FD04C-2B18-45C9-8E9A-83331FB7BA8D}.Debug|iPhone.Build.0 = Debug|x86
		{A21FD04C-2B18-45C9-8E9A-83331FB7BA8D}.Debug|iPhone.Deploy.0 = Debug|x86
		{A21FD04C-2B18-45C9-8E9A-83331FB7BA8D}.Debug|iPhoneSimulator.ActiveCfg = Debug|x86
		{A21FD04C-2B18-45C9-8E9A-83331FB7BA8D}.Debug|iPhoneSimulator.Build.0 = Debug|x86
		{A21FD04C-2B18-45C9-8E9A-83331FB7BA8D}.Debug|iPhoneSimulator.Deploy.0 = Debug|x86
		{A21FD04C-2B18-45C9-8E9A-83331FB7BA8D}.Debug|x64.ActiveCfg = Debug|x64
		{A21FD04C-2B18-45C9-8E9A-83331FB7BA8D}.Debug|x64.Build.0 = Debug|x64
		{A21FD04C-2B18-45C9-8E9A-83331FB7BA8D}.Debug|x64.Deploy.0 = Debug|x64
		{A21FD04C-2B18-45C9-8E9A-83331FB7BA8D}.Debug|x86.ActiveCfg = Debug|x86
		{A21FD04C-2B18-45C9-8E9A-83331FB7BA8D}.Debug|x86.Build.0 = Debug|x86
		{A21FD04C-2B18-45C9-8E9A-83331FB7BA8D}.Debug|x86.Deploy.0 = Debug|x86
		{A21FD04C-2B18-45C9-8E9A-83331FB7BA8D}.Release|Any CPU.ActiveCfg = Release|x86
		{A21FD04C-2B18-45C9-8E9A-83331FB7BA8D}.Release|Any CPU.Build.0 = Release|x86
		{A21FD04C-2B18-45C9-8E9A-83331FB7BA8D}.Release|Any CPU.Deploy.0 = Release|x86
		{A21FD04C-2B18-45C9-8E9A-83331FB7BA8D}.Release|ARM.ActiveCfg = Release|ARM
		{A21FD04C-2B18-45C9-8E9A-83331FB7BA8D}.Release|ARM.Build.0 = Release|ARM
		{A21FD04C-2B18-45C9-8E9A-83331FB7BA8D}.Release|ARM.Deploy.0 = Release|ARM
		{A21FD04C-2B18-45C9-8E9A-83331FB7BA8D}.Release|iPhone.ActiveCfg = Release|x86
		{A21FD04C-2B18-45C9-8E9A-83331FB7BA8D}.Release|iPhone.Build.0 = Release|x86
		{A21FD04C-2B18-45C9-8E9A-83331FB7BA8D}.Release|iPhone.Deploy.0 = Release|x86
		{A21FD04C-2B18-45C9-8E9A-83331FB7BA8D}.Release|iPhoneSimulator.ActiveCfg = Release|x86
		{A21FD04C-2B18-45C9-8E9A-83331FB7BA8D}.Release|iPhoneSimulator.Build.0 = Release|x86
		{A21FD04C-2B18-45C9-8E9A-83331FB7BA8D}.Release|iPhoneSimulator.Deploy.0 = Release|x86
		{A21FD04C-2B18-45C9-8E9A-83331FB7BA8D}.Release|x64.ActiveCfg = Release|x64
		{A21FD04C-2B18-45C9-8E9A-83331FB7BA8D}.Release|x64.Build.0 = Release|x64
		{A21FD04C-2B18-45C9-8E9A-83331FB7BA8D}.Release|x64.Deploy.0 = Release|x64
		{A21FD04C-2B18-45C9-8E9A-83331FB7BA8D}.Release|x86.ActiveCfg = Release|x86
		{A21FD04C-2B18-45C9-8E9A-83331FB7BA8D}.Release|x86.Build.0 = Release|x86
		{A21FD04C-2B18-45C9-8E9A-83331FB7BA8D}.Release|x86.Deploy.0 = Release|x86
		{7D305E21-AB40-46E5-A375-AF9BE010CF93}.Ad-Hoc|Any CPU.ActiveCfg = Debug|Any CPU
		{7D305E21-AB40-46E5-A375-AF9BE010CF93}.Ad-Hoc|Any CPU.Build.0 = Debug|Any CPU
		{7D305E21-AB40-46E5-A375-AF9BE010CF93}.Ad-Hoc|Any CPU.Deploy.0 = Debug|Any CPU
		{7D305E21-AB40-46E5-A375-AF9BE010CF93}.Ad-Hoc|ARM.ActiveCfg = Debug|Any CPU
		{7D305E21-AB40-46E5-A375-AF9BE010CF93}.Ad-Hoc|ARM.Build.0 = Debug|Any CPU
		{7D305E21-AB40-46E5-A375-AF9BE010CF93}.Ad-Hoc|ARM.Deploy.0 = Debug|Any CPU
		{7D305E21-AB40-46E5-A375-AF9BE010CF93}.Ad-Hoc|iPhone.ActiveCfg = Debug|Any CPU
		{7D305E21-AB40-46E5-A375-AF9BE010CF93}.Ad-Hoc|iPhone.Build.0 = Debug|Any CPU
		{7D305E21-AB40-46E5-A375-AF9BE010CF93}.Ad-Hoc|iPhone.Deploy.0 = Debug|Any CPU
		{7D305E21-AB40-46E5-A375-AF9BE010CF93}.Ad-Hoc|iPhoneSimulator.ActiveCfg = Debug|Any CPU
		{7D305E21-AB40-46E5-A375-AF9BE010CF93}.Ad-Hoc|iPhoneSimulator.Build.0 = Debug|Any CPU
		{7D305E21-AB40-46E5-A375-AF9BE010CF93}.Ad-Hoc|iPhoneSimulator.Deploy.0 = Debug|Any CPU
		{7D305E21-AB40-46E5-A375-AF9BE010CF93}.Ad-Hoc|x64.ActiveCfg = Debug|Any CPU
		{7D305E21-AB40-46E5-A375-AF9BE010CF93}.Ad-Hoc|x64.Build.0 = Debug|Any CPU
		{7D305E21-AB40-46E5-A375-AF9BE010CF93}.Ad-Hoc|x64.Deploy.0 = Debug|Any CPU
		{7D305E21-AB40-46E5-A375-AF9BE010CF93}.Ad-Hoc|x86.ActiveCfg = Debug|Any CPU
		{7D305E21-AB40-46E5-A375-AF9BE010CF93}.Ad-Hoc|x86.Build.0 = Debug|Any CPU
		{7D305E21-AB40-46E5-A375-AF9BE010CF93}.Ad-Hoc|x86.Deploy.0 = Debug|Any CPU
		{7D305E21-AB40-46E5-A375-AF9BE010CF93}.AppStore|Any CPU.ActiveCfg = Debug|Any CPU
		{7D305E21-AB40-46E5-A375-AF9BE010CF93}.AppStore|Any CPU.Build.0 = Debug|Any CPU
		{7D305E21-AB40-46E5-A375-AF9BE010CF93}.AppStore|Any CPU.Deploy.0 = Debug|Any CPU
		{7D305E21-AB40-46E5-A375-AF9BE010CF93}.AppStore|ARM.ActiveCfg = Debug|Any CPU
		{7D305E21-AB40-46E5-A375-AF9BE010CF93}.AppStore|ARM.Build.0 = Debug|Any CPU
		{7D305E21-AB40-46E5-A375-AF9BE010CF93}.AppStore|ARM.Deploy.0 = Debug|Any CPU
		{7D305E21-AB40-46E5-A375-AF9BE010CF93}.AppStore|iPhone.ActiveCfg = Debug|Any CPU
		{7D305E21-AB40-46E5-A375-AF9BE010CF93}.AppStore|iPhone.Build.0 = Debug|Any CPU
		{7D305E21-AB40-46E5-A375-AF9BE010CF93}.AppStore|iPhone.Deploy.0 = Debug|Any CPU
		{7D305E21-AB40-46E5-A375-AF9BE010CF93}.AppStore|iPhoneSimulator.ActiveCfg = Debug|Any CPU
		{7D305E21-AB40-46E5-A375-AF9BE010CF93}.AppStore|iPhoneSimulator.Build.0 = Debug|Any CPU
		{7D305E21-AB40-46E5-A375-AF9BE010CF93}.AppStore|iPhoneSimulator.Deploy.0 = Debug|Any CPU
		{7D305E21-AB40-46E5-A375-AF9BE010CF93}.AppStore|x64.ActiveCfg = Debug|Any CPU
		{7D305E21-AB40-46E5-A375-AF9BE010CF93}.AppStore|x64.Build.0 = Debug|Any CPU
		{7D305E21-AB40-46E5-A375-AF9BE010CF93}.AppStore|x64.Deploy.0 = Debug|Any CPU
		{7D305E21-AB40-46E5-A375-AF9BE010CF93}.AppStore|x86.ActiveCfg = Debug|Any CPU
		{7D305E21-AB40-46E5-A375-AF9BE010CF93}.AppStore|x86.Build.0 = Debug|Any CPU
		{7D305E21-AB40-46E5-A375-AF9BE010CF93}.AppStore|x86.Deploy.0 = Debug|Any CPU
		{7D305E21-AB40-46E5-A375-AF9BE010CF93}.Debug|Any CPU.ActiveCfg = Debug|Any CPU
		{7D305E21-AB40-46E5-A375-AF9BE010CF93}.Debug|Any CPU.Build.0 = Debug|Any CPU
		{7D305E21-AB40-46E5-A375-AF9BE010CF93}.Debug|Any CPU.Deploy.0 = Debug|Any CPU
		{7D305E21-AB40-46E5-A375-AF9BE010CF93}.Debug|ARM.ActiveCfg = Debug|Any CPU
		{7D305E21-AB40-46E5-A375-AF9BE010CF93}.Debug|ARM.Build.0 = Debug|Any CPU
		{7D305E21-AB40-46E5-A375-AF9BE010CF93}.Debug|ARM.Deploy.0 = Debug|Any CPU
		{7D305E21-AB40-46E5-A375-AF9BE010CF93}.Debug|iPhone.ActiveCfg = Debug|Any CPU
		{7D305E21-AB40-46E5-A375-AF9BE010CF93}.Debug|iPhone.Build.0 = Debug|Any CPU
		{7D305E21-AB40-46E5-A375-AF9BE010CF93}.Debug|iPhone.Deploy.0 = Debug|Any CPU
		{7D305E21-AB40-46E5-A375-AF9BE010CF93}.Debug|iPhoneSimulator.ActiveCfg = Debug|Any CPU
		{7D305E21-AB40-46E5-A375-AF9BE010CF93}.Debug|iPhoneSimulator.Build.0 = Debug|Any CPU
		{7D305E21-AB40-46E5-A375-AF9BE010CF93}.Debug|iPhoneSimulator.Deploy.0 = Debug|Any CPU
		{7D305E21-AB40-46E5-A375-AF9BE010CF93}.Debug|x64.ActiveCfg = Debug|Any CPU
		{7D305E21-AB40-46E5-A375-AF9BE010CF93}.Debug|x64.Build.0 = Debug|Any CPU
		{7D305E21-AB40-46E5-A375-AF9BE010CF93}.Debug|x64.Deploy.0 = Debug|Any CPU
		{7D305E21-AB40-46E5-A375-AF9BE010CF93}.Debug|x86.ActiveCfg = Debug|Any CPU
		{7D305E21-AB40-46E5-A375-AF9BE010CF93}.Debug|x86.Build.0 = Debug|Any CPU
		{7D305E21-AB40-46E5-A375-AF9BE010CF93}.Debug|x86.Deploy.0 = Debug|Any CPU
		{7D305E21-AB40-46E5-A375-AF9BE010CF93}.Release|Any CPU.ActiveCfg = Release|Any CPU
		{7D305E21-AB40-46E5-A375-AF9BE010CF93}.Release|Any CPU.Build.0 = Release|Any CPU
		{7D305E21-AB40-46E5-A375-AF9BE010CF93}.Release|Any CPU.Deploy.0 = Release|Any CPU
		{7D305E21-AB40-46E5-A375-AF9BE010CF93}.Release|ARM.ActiveCfg = Release|Any CPU
		{7D305E21-AB40-46E5-A375-AF9BE010CF93}.Release|ARM.Build.0 = Release|Any CPU
		{7D305E21-AB40-46E5-A375-AF9BE010CF93}.Release|ARM.Deploy.0 = Release|Any CPU
		{7D305E21-AB40-46E5-A375-AF9BE010CF93}.Release|iPhone.ActiveCfg = Release|Any CPU
		{7D305E21-AB40-46E5-A375-AF9BE010CF93}.Release|iPhone.Build.0 = Release|Any CPU
		{7D305E21-AB40-46E5-A375-AF9BE010CF93}.Release|iPhone.Deploy.0 = Release|Any CPU
		{7D305E21-AB40-46E5-A375-AF9BE010CF93}.Release|iPhoneSimulator.ActiveCfg = Release|Any CPU
		{7D305E21-AB40-46E5-A375-AF9BE010CF93}.Release|iPhoneSimulator.Build.0 = Release|Any CPU
		{7D305E21-AB40-46E5-A375-AF9BE010CF93}.Release|iPhoneSimulator.Deploy.0 = Release|Any CPU
		{7D305E21-AB40-46E5-A375-AF9BE010CF93}.Release|x64.ActiveCfg = Release|Any CPU
		{7D305E21-AB40-46E5-A375-AF9BE010CF93}.Release|x64.Build.0 = Release|Any CPU
		{7D305E21-AB40-46E5-A375-AF9BE010CF93}.Release|x64.Deploy.0 = Release|Any CPU
		{7D305E21-AB40-46E5-A375-AF9BE010CF93}.Release|x86.ActiveCfg = Release|Any CPU
		{7D305E21-AB40-46E5-A375-AF9BE010CF93}.Release|x86.Build.0 = Release|Any CPU
		{7D305E21-AB40-46E5-A375-AF9BE010CF93}.Release|x86.Deploy.0 = Release|Any CPU
	EndGlobalSection
	GlobalSection(SolutionProperties) = preSolution
		HideSolutionNode = FALSE
	EndGlobalSection
	GlobalSection(ExtensibilityGlobals) = postSolution
		SolutionGuid = {C7216FD5-4C70-4315-9D53-3107D96C18F1}
	EndGlobalSection
EndGlobal
